github.com/ghthor/gowol v0.0.0-20180205141434-eb42ead1b24e h1:wBosmov6kbKZEdPieRPTmscIg/Y1MlzUCXe5Satj/oE=
github.com/ghthor/gowol v0.0.0-20180205141434-eb42ead1b24e/go.mod h1:EyNmoGqq2NFpae+cZffPGaXX0E6x9USf1NBR/a/GNyM=
github.com/gorilla/websocket v1.5.0 h1:PPwGk2jz7EePpoHN/+ClbZu8SPxiqlu12wZP/3sWmnc=
github.com/gorilla/websocket v1.5.0/go.mod h1:YR8l580nyteQvAITg2hZ9XVh4b55+EU/adAjf1fMHhE=
